
Microsoft Visual Studio Solution File, Format Version 12.00
# Visual Studio Version 17
VisualStudioVersion = 17.9.34728.123
MinimumVisualStudioVersion = 10.0.40219.1
Project("{9A19103F-16F7-4668-BE54-9A1E7A4F7556}") = "Lab5.Domain", "Lab5.Domain\Lab5.Domain.csproj", "{9D020826-73F7-45EF-A06C-44995AABF03D}"
EndProject
Project("{9A19103F-16F7-4668-BE54-9A1E7A4F7556}") = "Lab5.Application", "Lab5.Application\Lab5.Application.csproj", "{7B0DB7BF-8D8C-47E1-8011-2F471E959708}"
EndProject
Project("{9A19103F-16F7-4668-BE54-9A1E7A4F7556}") = "Lab5.Persistence", "Lab5.Persistence\Lab5.Persistence.csproj", "{D7B737FE-CBA5-4BFD-AF24-8A2ECB8E3E12}"
EndProject
Project("{FAE04EC0-301F-11D3-BF4B-00C04F79EFBC}") = "Lab5.UI", "Lab5.UI\Lab5.UI.csproj", "{40EA3657-26B9-42A3-9EBC-7F6E09266404}"
EndProject
Global
	GlobalSection(SolutionConfigurationPlatforms) = preSolution
		Debug|Any CPU = Debug|Any CPU
		Release|Any CPU = Release|Any CPU
	EndGlobalSection
	GlobalSection(ProjectConfigurationPlatforms) = postSolution
		{9D020826-73F7-45EF-A06C-44995AABF03D}.Debug|Any CPU.ActiveCfg = Debug|Any CPU
		{9D020826-73F7-45EF-A06C-44995AABF03D}.Debug|Any CPU.Build.0 = Debug|Any CPU
		{9D020826-73F7-45EF-A06C-44995AABF03D}.Release|Any CPU.ActiveCfg = Release|Any CPU
		{9D020826-73F7-45EF-A06C-44995AABF03D}.Release|Any CPU.Build.0 = Release|Any CPU
		{7B0DB7BF-8D8C-47E1-8011-2F471E959708}.Debug|Any CPU.ActiveCfg = Debug|Any CPU
		{7B0DB7BF-8D8C-47E1-8011-2F471E959708}.Debug|Any CPU.Build.0 = Debug|Any CPU
		{7B0DB7BF-8D8C-47E1-8011-2F471E959708}.Release|Any CPU.ActiveCfg = Release|Any CPU
		{7B0DB7BF-8D8C-47E1-8011-2F471E959708}.Release|Any CPU.Build.0 = Release|Any CPU
		{D7B737FE-CBA5-4BFD-AF24-8A2ECB8E3E12}.Debug|Any CPU.ActiveCfg = Debug|Any CPU
		{D7B737FE-CBA5-4BFD-AF24-8A2ECB8E3E12}.Debug|Any CPU.Build.0 = Debug|Any CPU
		{D7B737FE-CBA5-4BFD-AF24-8A2ECB8E3E12}.Release|Any CPU.ActiveCfg = Release|Any CPU
		{D7B737FE-CBA5-4BFD-AF24-8A2ECB8E3E12}.Release|Any CPU.Build.0 = Release|Any CPU
		{40EA3657-26B9-42A3-9EBC-7F6E09266404}.Debug|Any CPU.ActiveCfg = Debug|Any CPU
		{40EA3657-26B9-42A3-9EBC-7F6E09266404}.Debug|Any CPU.Build.0 = Debug|Any CPU
		{40EA3657-26B9-42A3-9EBC-7F6E09266404}.Debug|Any CPU.Deploy.0 = Debug|Any CPU
		{40EA3657-26B9-42A3-9EBC-7F6E09266404}.Release|Any CPU.ActiveCfg = Release|Any CPU
		{40EA3657-26B9-42A3-9EBC-7F6E09266404}.Release|Any CPU.Build.0 = Release|Any CPU
		{40EA3657-26B9-42A3-9EBC-7F6E09266404}.Release|Any CPU.Deploy.0 = Release|Any CPU
	EndGlobalSection
	GlobalSection(SolutionProperties) = preSolution
		HideSolutionNode = FALSE
	EndGlobalSection
	GlobalSection(ExtensibilityGlobals) = postSolution
		SolutionGuid = {035C46B3-E4D9-4011-BABD-1B17A0AFDFEA}
	EndGlobalSection
EndGlobal
